
Microsoft Visual Studio Solution File, Format Version 12.00
# Visual Studio Version 16
VisualStudioVersion = 16.0.30204.135
MinimumVisualStudioVersion = 10.0.40219.1
Project("{FAE04EC0-301F-11D3-BF4B-00C04F79EFBC}") = "Lab08-Collections", "Lab08-Collections\Lab08-Collections.csproj", "{A6920EA4-DC71-455D-83DD-A2D9F415A306}"
EndProject
Global
	GlobalSection(SolutionConfigurationPlatforms) = preSolution
		Debug|Any CPU = Debug|Any CPU
		Release|Any CPU = Release|Any CPU
	EndGlobalSection
	GlobalSection(ProjectConfigurationPlatforms) = postSolution
		{A6920EA4-DC71-455D-83DD-A2D9F415A306}.Debug|Any CPU.ActiveCfg = Debug|Any CPU
		{A6920EA4-DC71-455D-83DD-A2D9F415A306}.Debug|Any CPU.Build.0 = Debug|Any CPU
		{A6920EA4-DC71-455D-83DD-A2D9F415A306}.Release|Any CPU.ActiveCfg = Release|Any CPU
		{A6920EA4-DC71-455D-83DD-A2D9F415A306}.Release|Any CPU.Build.0 = Release|Any CPU
	EndGlobalSection
	GlobalSection(SolutionProperties) = preSolution
		HideSolutionNode = FALSE
	EndGlobalSection
	GlobalSection(ExtensibilityGlobals) = postSolution
		SolutionGuid = {FF8455D7-6FE1-4870-B7AD-BE2DB7B173B3}
	EndGlobalSection
EndGlobal
